
Microsoft Visual Studio Solution File, Format Version 12.00
# Visual Studio 14
VisualStudioVersion = 14.0.24720.0
MinimumVisualStudioVersion = 10.0.40219.1
Project("{FAE04EC0-301F-11D3-BF4B-00C04F79EFBC}") = "BaseWebApi.Auth", "BaseWebApi.Auth\BaseWebApi.Auth.csproj", "{21F3C203-09E3-4E5C-AC5B-5A7873EDB758}"
EndProject
Project("{FAE04EC0-301F-11D3-BF4B-00C04F79EFBC}") = "BaseWebApi.API", "BaseWebApi.Api\BaseWebApi.API.csproj", "{CAF300EE-F3E9-4941-8F0C-F1F6EC41FD8A}"
EndProject
Global
	GlobalSection(SolutionConfigurationPlatforms) = preSolution
		Debug|Any CPU = Debug|Any CPU
		Release|Any CPU = Release|Any CPU
	EndGlobalSection
	GlobalSection(ProjectConfigurationPlatforms) = postSolution
		{21F3C203-09E3-4E5C-AC5B-5A7873EDB758}.Debug|Any CPU.ActiveCfg = Debug|Any CPU
		{21F3C203-09E3-4E5C-AC5B-5A7873EDB758}.Debug|Any CPU.Build.0 = Debug|Any CPU
		{21F3C203-09E3-4E5C-AC5B-5A7873EDB758}.Release|Any CPU.ActiveCfg = Release|Any CPU
		{21F3C203-09E3-4E5C-AC5B-5A7873EDB758}.Release|Any CPU.Build.0 = Release|Any CPU
		{CAF300EE-F3E9-4941-8F0C-F1F6EC41FD8A}.Debug|Any CPU.ActiveCfg = Debug|Any CPU
		{CAF300EE-F3E9-4941-8F0C-F1F6EC41FD8A}.Debug|Any CPU.Build.0 = Debug|Any CPU
		{CAF300EE-F3E9-4941-8F0C-F1F6EC41FD8A}.Release|Any CPU.ActiveCfg = Release|Any CPU
		{CAF300EE-F3E9-4941-8F0C-F1F6EC41FD8A}.Release|Any CPU.Build.0 = Release|Any CPU
	EndGlobalSection
	GlobalSection(SolutionProperties) = preSolution
		HideSolutionNode = FALSE
	EndGlobalSection
EndGlobal
